
Microsoft Visual Studio Solution File, Format Version 12.00
# Visual Studio Version 17
VisualStudioVersion = 17.7.34202.233
MinimumVisualStudioVersion = 10.0.40219.1
Project("{FAE04EC0-301F-11D3-BF4B-00C04F79EFBC}") = "fib", "fib\fib.csproj", "{2186B055-87F9-47E3-8A44-8563F6126E99}"
EndProject
Global
	GlobalSection(SolutionConfigurationPlatforms) = preSolution
		Debug|Any CPU = Debug|Any CPU
		Release|Any CPU = Release|Any CPU
	EndGlobalSection
	GlobalSection(ProjectConfigurationPlatforms) = postSolution
		{2186B055-87F9-47E3-8A44-8563F6126E99}.Debug|Any CPU.ActiveCfg = Debug|Any CPU
		{2186B055-87F9-47E3-8A44-8563F6126E99}.Debug|Any CPU.Build.0 = Debug|Any CPU
		{2186B055-87F9-47E3-8A44-8563F6126E99}.Release|Any CPU.ActiveCfg = Release|Any CPU
		{2186B055-87F9-47E3-8A44-8563F6126E99}.Release|Any CPU.Build.0 = Release|Any CPU
	EndGlobalSection
	GlobalSection(SolutionProperties) = preSolution
		HideSolutionNode = FALSE
	EndGlobalSection
	GlobalSection(ExtensibilityGlobals) = postSolution
		SolutionGuid = {29D31567-F8F7-4320-BAB5-EA757A8EEAC9}
	EndGlobalSection
EndGlobal
